// !$*UTF8*$!
{
	archiveVersion = 1;
	classes = {
	};
	objectVersion = 46;
	objects = {

/* Begin PBXBuildFile section */
		3446776BEF57D9FA594C71E2 /* Pods_shaberi.framework in Frameworks */ = {isa = PBXBuildFile; fileRef = 4037DA4625184A85D4902E89 /* Pods_shaberi.framework */; };
		36245CCF1E48594000A6FD80 /* AppDelegate.swift in Sources */ = {isa = PBXBuildFile; fileRef = 36245CCE1E48594000A6FD80 /* AppDelegate.swift */; };
		36245CD11E48594000A6FD80 /* MessagesController.swift in Sources */ = {isa = PBXBuildFile; fileRef = 36245CD01E48594000A6FD80 /* MessagesController.swift */; };
		36245CD41E48594000A6FD80 /* Main.storyboard in Resources */ = {isa = PBXBuildFile; fileRef = 36245CD21E48594000A6FD80 /* Main.storyboard */; };
		36245CD61E48594000A6FD80 /* Assets.xcassets in Resources */ = {isa = PBXBuildFile; fileRef = 36245CD51E48594000A6FD80 /* Assets.xcassets */; };
		36245CD91E48594000A6FD80 /* LaunchScreen.storyboard in Resources */ = {isa = PBXBuildFile; fileRef = 36245CD71E48594000A6FD80 /* LaunchScreen.storyboard */; };
		36245CE31E48605D00A6FD80 /* LoginController.swift in Sources */ = {isa = PBXBuildFile; fileRef = 36245CE21E48605D00A6FD80 /* LoginController.swift */; };
		36245CE51E4860AC00A6FD80 /* UIColorExtension.swift in Sources */ = {isa = PBXBuildFile; fileRef = 36245CE41E4860AC00A6FD80 /* UIColorExtension.swift */; };
		36245CED1E4863B000A6FD80 /* LoginForm.swift in Sources */ = {isa = PBXBuildFile; fileRef = 36245CEC1E4863B000A6FD80 /* LoginForm.swift */; };
		36245CF01E48646A00A6FD80 /* BaseView.swift in Sources */ = {isa = PBXBuildFile; fileRef = 36245CEF1E48646A00A6FD80 /* BaseView.swift */; };
		36245CF21E486B2100A6FD80 /* UITextFieldExtension.swift in Sources */ = {isa = PBXBuildFile; fileRef = 36245CF11E486B2100A6FD80 /* UITextFieldExtension.swift */; };
		36245CF51E48737B00A6FD80 /* GoogleService-Info.plist in Resources */ = {isa = PBXBuildFile; fileRef = 36245CF41E48737B00A6FD80 /* GoogleService-Info.plist */; };
		36245CF81E487A6C00A6FD80 /* Errors.swift in Sources */ = {isa = PBXBuildFile; fileRef = 36245CF71E487A6C00A6FD80 /* Errors.swift */; };
		3632DCF41E4AB026000FEADC /* ConversationCell.swift in Sources */ = {isa = PBXBuildFile; fileRef = 3632DCF31E4AB026000FEADC /* ConversationCell.swift */; };
		366AF6CF1E49591C000100A4 /* Config.swift in Sources */ = {isa = PBXBuildFile; fileRef = 366AF6CE1E49591C000100A4 /* Config.swift */; };
		366AF6D21E495F78000100A4 /* CreateNewMessageController.swift in Sources */ = {isa = PBXBuildFile; fileRef = 366AF6D11E495F78000100A4 /* CreateNewMessageController.swift */; };
		366AF6D41E496181000100A4 /* UIImageViewExtension.swift in Sources */ = {isa = PBXBuildFile; fileRef = 366AF6D31E496181000100A4 /* UIImageViewExtension.swift */; };
		366AF6D61E49698F000100A4 /* User.swift in Sources */ = {isa = PBXBuildFile; fileRef = 366AF6D51E49698F000100A4 /* User.swift */; };
		366AF6D91E496C74000100A4 /* UserCell.swift in Sources */ = {isa = PBXBuildFile; fileRef = 366AF6D81E496C74000100A4 /* UserCell.swift */; };
		366AF6DB1E49A019000100A4 /* NavigationBar.swift in Sources */ = {isa = PBXBuildFile; fileRef = 366AF6DA1E49A019000100A4 /* NavigationBar.swift */; };
		366AF6DD1E49A67C000100A4 /* ChatLogController.swift in Sources */ = {isa = PBXBuildFile; fileRef = 366AF6DC1E49A67C000100A4 /* ChatLogController.swift */; };
		366AF6DF1E49A94B000100A4 /* InputContainerView.swift in Sources */ = {isa = PBXBuildFile; fileRef = 366AF6DE1E49A94B000100A4 /* InputContainerView.swift */; };
		366AF6E11E49BCF6000100A4 /* Message.swift in Sources */ = {isa = PBXBuildFile; fileRef = 366AF6E01E49BCF6000100A4 /* Message.swift */; };
		366AF6E31E49BE21000100A4 /* MessageCell.swift in Sources */ = {isa = PBXBuildFile; fileRef = 366AF6E21E49BE21000100A4 /* MessageCell.swift */; };
		366AF6E51E49BE4F000100A4 /* BaseTableViewCell.swift in Sources */ = {isa = PBXBuildFile; fileRef = 366AF6E41E49BE4F000100A4 /* BaseTableViewCell.swift */; };
/* End PBXBuildFile section */

/* Begin PBXFileReference section */
		36245CCB1E48594000A6FD80 /* shaberi.app */ = {isa = PBXFileReference; explicitFileType = wrapper.application; includeInIndex = 0; path = shaberi.app; sourceTree = BUILT_PRODUCTS_DIR; };
		36245CCE1E48594000A6FD80 /* AppDelegate.swift */ = {isa = PBXFileReference; lastKnownFileType = sourcecode.swift; path = AppDelegate.swift; sourceTree = "<group>"; };
		36245CD01E48594000A6FD80 /* MessagesController.swift */ = {isa = PBXFileReference; lastKnownFileType = sourcecode.swift; path = MessagesController.swift; sourceTree = "<group>"; };
		36245CD31E48594000A6FD80 /* Base */ = {isa = PBXFileReference; lastKnownFileType = file.storyboard; name = Base; path = Base.lproj/Main.storyboard; sourceTree = "<group>"; };
		36245CD51E48594000A6FD80 /* Assets.xcassets */ = {isa = PBXFileReference; lastKnownFileType = folder.assetcatalog; path = Assets.xcassets; sourceTree = "<group>"; };
		36245CD81E48594000A6FD80 /* Base */ = {isa = PBXFileReference; lastKnownFileType = file.storyboard; name = Base; path = Base.lproj/LaunchScreen.storyboard; sourceTree = "<group>"; };
		36245CDA1E48594000A6FD80 /* Info.plist */ = {isa = PBXFileReference; lastKnownFileType = text.plist.xml; path = Info.plist; sourceTree = "<group>"; };
		36245CE21E48605D00A6FD80 /* LoginController.swift */ = {isa = PBXFileReference; fileEncoding = 4; lastKnownFileType = sourcecode.swift; path = LoginController.swift; sourceTree = "<group>"; };
		36245CE41E4860AC00A6FD80 /* UIColorExtension.swift */ = {isa = PBXFileReference; fileEncoding = 4; lastKnownFileType = sourcecode.swift; path = UIColorExtension.swift; sourceTree = "<group>"; };
		36245CEC1E4863B000A6FD80 /* LoginForm.swift */ = {isa = PBXFileReference; fileEncoding = 4; lastKnownFileType = sourcecode.swift; path = LoginForm.swift; sourceTree = "<group>"; };
		36245CEF1E48646A00A6FD80 /* BaseView.swift */ = {isa = PBXFileReference; fileEncoding = 4; lastKnownFileType = sourcecode.swift; path = BaseView.swift; sourceTree = "<group>"; };
		36245CF11E486B2100A6FD80 /* UITextFieldExtension.swift */ = {isa = PBXFileReference; fileEncoding = 4; lastKnownFileType = sourcecode.swift; path = UITextFieldExtension.swift; sourceTree = "<group>"; };
		36245CF41E48737B00A6FD80 /* GoogleService-Info.plist */ = {isa = PBXFileReference; fileEncoding = 4; lastKnownFileType = text.plist.xml; name = "GoogleService-Info.plist"; path = "../../../../../Downloads/GoogleService-Info.plist"; sourceTree = "<group>"; };
		36245CF71E487A6C00A6FD80 /* Errors.swift */ = {isa = PBXFileReference; fileEncoding = 4; lastKnownFileType = sourcecode.swift; path = Errors.swift; sourceTree = "<group>"; };
		3632DCF31E4AB026000FEADC /* ConversationCell.swift */ = {isa = PBXFileReference; fileEncoding = 4; lastKnownFileType = sourcecode.swift; path = ConversationCell.swift; sourceTree = "<group>"; };
		366AF6CE1E49591C000100A4 /* Config.swift */ = {isa = PBXFileReference; fileEncoding = 4; lastKnownFileType = sourcecode.swift; path = Config.swift; sourceTree = "<group>"; };
		366AF6D11E495F78000100A4 /* CreateNewMessageController.swift */ = {isa = PBXFileReference; fileEncoding = 4; lastKnownFileType = sourcecode.swift; path = CreateNewMessageController.swift; sourceTree = "<group>"; };
		366AF6D31E496181000100A4 /* UIImageViewExtension.swift */ = {isa = PBXFileReference; fileEncoding = 4; lastKnownFileType = sourcecode.swift; path = UIImageViewExtension.swift; sourceTree = "<group>"; };
		366AF6D51E49698F000100A4 /* User.swift */ = {isa = PBXFileReference; fileEncoding = 4; lastKnownFileType = sourcecode.swift; path = User.swift; sourceTree = "<group>"; };
		366AF6D81E496C74000100A4 /* UserCell.swift */ = {isa = PBXFileReference; fileEncoding = 4; lastKnownFileType = sourcecode.swift; path = UserCell.swift; sourceTree = "<group>"; };
		366AF6DA1E49A019000100A4 /* NavigationBar.swift */ = {isa = PBXFileReference; fileEncoding = 4; lastKnownFileType = sourcecode.swift; path = NavigationBar.swift; sourceTree = "<group>"; };
		366AF6DC1E49A67C000100A4 /* ChatLogController.swift */ = {isa = PBXFileReference; fileEncoding = 4; lastKnownFileType = sourcecode.swift; path = ChatLogController.swift; sourceTree = "<group>"; };
		366AF6DE1E49A94B000100A4 /* InputContainerView.swift */ = {isa = PBXFileReference; fileEncoding = 4; lastKnownFileType = sourcecode.swift; path = InputContainerView.swift; sourceTree = "<group>"; };
		366AF6E01E49BCF6000100A4 /* Message.swift */ = {isa = PBXFileReference; fileEncoding = 4; lastKnownFileType = sourcecode.swift; path = Message.swift; sourceTree = "<group>"; };
		366AF6E21E49BE21000100A4 /* MessageCell.swift */ = {isa = PBXFileReference; fileEncoding = 4; lastKnownFileType = sourcecode.swift; path = MessageCell.swift; sourceTree = "<group>"; };
		366AF6E41E49BE4F000100A4 /* BaseTableViewCell.swift */ = {isa = PBXFileReference; fileEncoding = 4; lastKnownFileType = sourcecode.swift; path = BaseTableViewCell.swift; sourceTree = "<group>"; };
		4037DA4625184A85D4902E89 /* Pods_shaberi.framework */ = {isa = PBXFileReference; explicitFileType = wrapper.framework; includeInIndex = 0; path = Pods_shaberi.framework; sourceTree = BUILT_PRODUCTS_DIR; };
		A30A601D93C557F512500D43 /* Pods-shaberi.debug.xcconfig */ = {isa = PBXFileReference; includeInIndex = 1; lastKnownFileType = text.xcconfig; name = "Pods-shaberi.debug.xcconfig"; path = "Pods/Target Support Files/Pods-shaberi/Pods-shaberi.debug.xcconfig"; sourceTree = "<group>"; };
		DCD86F8C084B28D13F4306B7 /* Pods-shaberi.release.xcconfig */ = {isa = PBXFileReference; includeInIndex = 1; lastKnownFileType = text.xcconfig; name = "Pods-shaberi.release.xcconfig"; path = "Pods/Target Support Files/Pods-shaberi/Pods-shaberi.release.xcconfig"; sourceTree = "<group>"; };
/* End PBXFileReference section */

/* Begin PBXFrameworksBuildPhase section */
		36245CC81E48594000A6FD80 /* Frameworks */ = {
			isa = PBXFrameworksBuildPhase;
			buildActionMask = 2147483647;
			files = (
				3446776BEF57D9FA594C71E2 /* Pods_shaberi.framework in Frameworks */,
			);
			runOnlyForDeploymentPostprocessing = 0;
		};
/* End PBXFrameworksBuildPhase section */

/* Begin PBXGroup section */
		1FD6BBADD0FE006A96C54521 /* Pods */ = {
			isa = PBXGroup;
			children = (
				A30A601D93C557F512500D43 /* Pods-shaberi.debug.xcconfig */,
				DCD86F8C084B28D13F4306B7 /* Pods-shaberi.release.xcconfig */,
			);
			name = Pods;
			sourceTree = "<group>";
		};
		36245CC21E48594000A6FD80 = {
			isa = PBXGroup;
			children = (
				36245CCD1E48594000A6FD80 /* shaberi */,
				36245CCC1E48594000A6FD80 /* Products */,
				1FD6BBADD0FE006A96C54521 /* Pods */,
				458E08B5B3611CB061F698BE /* Frameworks */,
			);
			sourceTree = "<group>";
		};
		36245CCC1E48594000A6FD80 /* Products */ = {
			isa = PBXGroup;
			children = (
				36245CCB1E48594000A6FD80 /* shaberi.app */,
			);
			name = Products;
			sourceTree = "<group>";
		};
		36245CCD1E48594000A6FD80 /* shaberi */ = {
			isa = PBXGroup;
			children = (
				36245CF61E487A5E00A6FD80 /* models */,
				36245CF31E4870D800A6FD80 /* resources */,
				36245CE91E48637900A6FD80 /* settings */,
				36245CE01E48600200A6FD80 /* controllers */,
				36245CE61E48614A00A6FD80 /* extensions */,
				36245CE71E48636000A6FD80 /* views */,
			);
			path = shaberi;
			sourceTree = "<group>";
		};
		36245CE01E48600200A6FD80 /* controllers */ = {
			isa = PBXGroup;
			children = (
				366AF6D01E495D39000100A4 /* messages */,
				36245CEB1E48639400A6FD80 /* common */,
				36245CE11E48600900A6FD80 /* authentication */,
			);
			name = controllers;
			sourceTree = "<group>";
		};
		36245CE11E48600900A6FD80 /* authentication */ = {
			isa = PBXGroup;
			children = (
				36245CE21E48605D00A6FD80 /* LoginController.swift */,
			);
			name = authentication;
			sourceTree = "<group>";
		};
		36245CE61E48614A00A6FD80 /* extensions */ = {
			isa = PBXGroup;
			children = (
				36245CE41E4860AC00A6FD80 /* UIColorExtension.swift */,
				36245CF11E486B2100A6FD80 /* UITextFieldExtension.swift */,
				366AF6D31E496181000100A4 /* UIImageViewExtension.swift */,
			);
			name = extensions;
			sourceTree = "<group>";
		};
		36245CE71E48636000A6FD80 /* views */ = {
			isa = PBXGroup;
			children = (
				366AF6D71E496C3F000100A4 /* messages */,
				36245CE81E48636600A6FD80 /* authentication */,
				36245CEA1E48638800A6FD80 /* common */,
				36245CEE1E48645700A6FD80 /* includes */,
			);
			name = views;
			sourceTree = "<group>";
		};
		36245CE81E48636600A6FD80 /* authentication */ = {
			isa = PBXGroup;
			children = (
				36245CEC1E4863B000A6FD80 /* LoginForm.swift */,
			);
			name = authentication;
			sourceTree = "<group>";
		};
		36245CE91E48637900A6FD80 /* settings */ = {
			isa = PBXGroup;
			children = (
				36245CF41E48737B00A6FD80 /* GoogleService-Info.plist */,
				36245CDA1E48594000A6FD80 /* Info.plist */,
				366AF6CE1E49591C000100A4 /* Config.swift */,
			);
			name = settings;
			sourceTree = "<group>";
		};
		36245CEA1E48638800A6FD80 /* common */ = {
			isa = PBXGroup;
			children = (
				36245CD21E48594000A6FD80 /* Main.storyboard */,
				36245CD71E48594000A6FD80 /* LaunchScreen.storyboard */,
			);
			name = common;
			sourceTree = "<group>";
		};
		36245CEB1E48639400A6FD80 /* common */ = {
			isa = PBXGroup;
			children = (
				36245CCE1E48594000A6FD80 /* AppDelegate.swift */,
			);
			name = common;
			sourceTree = "<group>";
		};
		36245CEE1E48645700A6FD80 /* includes */ = {
			isa = PBXGroup;
			children = (
				36245CEF1E48646A00A6FD80 /* BaseView.swift */,
				366AF6E41E49BE4F000100A4 /* BaseTableViewCell.swift */,
			);
			name = includes;
			sourceTree = "<group>";
		};
		36245CF31E4870D800A6FD80 /* resources */ = {
			isa = PBXGroup;
			children = (
				36245CD51E48594000A6FD80 /* Assets.xcassets */,
			);
			name = resources;
			sourceTree = "<group>";
		};
		36245CF61E487A5E00A6FD80 /* models */ = {
			isa = PBXGroup;
			children = (
				36245CF71E487A6C00A6FD80 /* Errors.swift */,
				366AF6D51E49698F000100A4 /* User.swift */,
				366AF6E01E49BCF6000100A4 /* Message.swift */,
			);
			name = models;
			sourceTree = "<group>";
		};
		366AF6D01E495D39000100A4 /* messages */ = {
			isa = PBXGroup;
			children = (
				36245CD01E48594000A6FD80 /* MessagesController.swift */,
				366AF6D11E495F78000100A4 /* CreateNewMessageController.swift */,
				366AF6DC1E49A67C000100A4 /* ChatLogController.swift */,
			);
			name = messages;
			sourceTree = "<group>";
		};
		366AF6D71E496C3F000100A4 /* messages */ = {
			isa = PBXGroup;
			children = (
				366AF6D81E496C74000100A4 /* UserCell.swift */,
				366AF6DA1E49A019000100A4 /* NavigationBar.swift */,
				366AF6DE1E49A94B000100A4 /* InputContainerView.swift */,
				366AF6E21E49BE21000100A4 /* MessageCell.swift */,
				3632DCF31E4AB026000FEADC /* ConversationCell.swift */,
			);
			name = messages;
			sourceTree = "<group>";
		};
		458E08B5B3611CB061F698BE /* Frameworks */ = {
			isa = PBXGroup;
			children = (
				4037DA4625184A85D4902E89 /* Pods_shaberi.framework */,
			);
			name = Frameworks;
			sourceTree = "<group>";
		};
/* End PBXGroup section */

/* Begin PBXNativeTarget section */
		36245CCA1E48594000A6FD80 /* shaberi */ = {
			isa = PBXNativeTarget;
			buildConfigurationList = 36245CDD1E48594000A6FD80 /* Build configuration list for PBXNativeTarget "shaberi" */;
			buildPhases = (
				FA6C554D7B7E2B39849686E5 /* [CP] Check Pods Manifest.lock */,
				36245CC71E48594000A6FD80 /* Sources */,
				36245CC81E48594000A6FD80 /* Frameworks */,
				36245CC91E48594000A6FD80 /* Resources */,
				DB3ADA2ECD4E4241A3E33155 /* [CP] Embed Pods Frameworks */,
				6364EC5D3837FFD3AC817587 /* [CP] Copy Pods Resources */,
			);
			buildRules = (
			);
			dependencies = (
			);
			name = shaberi;
			productName = shaberi;
			productReference = 36245CCB1E48594000A6FD80 /* shaberi.app */;
			productType = "com.apple.product-type.application";
		};
/* End PBXNativeTarget section */

/* Begin PBXProject section */
		36245CC31E48594000A6FD80 /* Project object */ = {
			isa = PBXProject;
			attributes = {
				LastSwiftUpdateCheck = 0820;
				LastUpgradeCheck = 0820;
				ORGANIZATIONNAME = muuvanduy;
				TargetAttributes = {
					36245CCA1E48594000A6FD80 = {
						CreatedOnToolsVersion = 8.2.1;
						ProvisioningStyle = Automatic;
					};
				};
			};
			buildConfigurationList = 36245CC61E48594000A6FD80 /* Build configuration list for PBXProject "shaberi" */;
			compatibilityVersion = "Xcode 3.2";
			developmentRegion = English;
			hasScannedForEncodings = 0;
			knownRegions = (
				en,
				Base,
			);
			mainGroup = 36245CC21E48594000A6FD80;
			productRefGroup = 36245CCC1E48594000A6FD80 /* Products */;
			projectDirPath = "";
			projectRoot = "";
			targets = (
				36245CCA1E48594000A6FD80 /* shaberi */,
			);
		};
/* End PBXProject section */

/* Begin PBXResourcesBuildPhase section */
		36245CC91E48594000A6FD80 /* Resources */ = {
			isa = PBXResourcesBuildPhase;
			buildActionMask = 2147483647;
			files = (
				36245CD91E48594000A6FD80 /* LaunchScreen.storyboard in Resources */,
				36245CF51E48737B00A6FD80 /* GoogleService-Info.plist in Resources */,
				36245CD61E48594000A6FD80 /* Assets.xcassets in Resources */,
				36245CD41E48594000A6FD80 /* Main.storyboard in Resources */,
			);
			runOnlyForDeploymentPostprocessing = 0;
		};
/* End PBXResourcesBuildPhase section */

/* Begin PBXShellScriptBuildPhase section */
		6364EC5D3837FFD3AC817587 /* [CP] Copy Pods Resources */ = {
			isa = PBXShellScriptBuildPhase;
			buildActionMask = 2147483647;
			files = (
			);
			inputPaths = (
			);
			name = "[CP] Copy Pods Resources";
			outputPaths = (
			);
			runOnlyForDeploymentPostprocessing = 0;
			shellPath = /bin/sh;
			shellScript = "\"${SRCROOT}/Pods/Target Support Files/Pods-shaberi/Pods-shaberi-resources.sh\"\n";
			showEnvVarsInLog = 0;
		};
		DB3ADA2ECD4E4241A3E33155 /* [CP] Embed Pods Frameworks */ = {
			isa = PBXShellScriptBuildPhase;
			buildActionMask = 2147483647;
			files = (
			);
			inputPaths = (
			);
			name = "[CP] Embed Pods Frameworks";
			outputPaths = (
			);
			runOnlyForDeploymentPostprocessing = 0;
			shellPath = /bin/sh;
			shellScript = "\"${SRCROOT}/Pods/Target Support Files/Pods-shaberi/Pods-shaberi-frameworks.sh\"\n";
			showEnvVarsInLog = 0;
		};
		FA6C554D7B7E2B39849686E5 /* [CP] Check Pods Manifest.lock */ = {
			isa = PBXShellScriptBuildPhase;
			buildActionMask = 2147483647;
			files = (
			);
			inputPaths = (
			);
			name = "[CP] Check Pods Manifest.lock";
			outputPaths = (
			);
			runOnlyForDeploymentPostprocessing = 0;
			shellPath = /bin/sh;
			shellScript = "diff \"${PODS_ROOT}/../Podfile.lock\" \"${PODS_ROOT}/Manifest.lock\" > /dev/null\nif [ $? != 0 ] ; then\n    # print error to STDERR\n    echo \"error: The sandbox is not in sync with the Podfile.lock. Run 'pod install' or update your CocoaPods installation.\" >&2\n    exit 1\nfi\n";
			showEnvVarsInLog = 0;
		};
/* End PBXShellScriptBuildPhase section */

/* Begin PBXSourcesBuildPhase section */
		36245CC71E48594000A6FD80 /* Sources */ = {
			isa = PBXSourcesBuildPhase;
			buildActionMask = 2147483647;
			files = (
				366AF6DD1E49A67C000100A4 /* ChatLogController.swift in Sources */,
				36245CED1E4863B000A6FD80 /* LoginForm.swift in Sources */,
				36245CD11E48594000A6FD80 /* MessagesController.swift in Sources */,
				366AF6E51E49BE4F000100A4 /* BaseTableViewCell.swift in Sources */,
				366AF6E11E49BCF6000100A4 /* Message.swift in Sources */,
				366AF6CF1E49591C000100A4 /* Config.swift in Sources */,
				36245CF21E486B2100A6FD80 /* UITextFieldExtension.swift in Sources */,
				366AF6D41E496181000100A4 /* UIImageViewExtension.swift in Sources */,
				3632DCF41E4AB026000FEADC /* ConversationCell.swift in Sources */,
				366AF6DF1E49A94B000100A4 /* InputContainerView.swift in Sources */,
				36245CE31E48605D00A6FD80 /* LoginController.swift in Sources */,
				36245CF81E487A6C00A6FD80 /* Errors.swift in Sources */,
				366AF6D21E495F78000100A4 /* CreateNewMessageController.swift in Sources */,
				366AF6D61E49698F000100A4 /* User.swift in Sources */,
				36245CF01E48646A00A6FD80 /* BaseView.swift in Sources */,
				36245CCF1E48594000A6FD80 /* AppDelegate.swift in Sources */,
				366AF6DB1E49A019000100A4 /* NavigationBar.swift in Sources */,
				36245CE51E4860AC00A6FD80 /* UIColorExtension.swift in Sources */,
				366AF6D91E496C74000100A4 /* UserCell.swift in Sources */,
				366AF6E31E49BE21000100A4 /* MessageCell.swift in Sources */,
			);
			runOnlyForDeploymentPostprocessing = 0;
		};
/* End PBXSourcesBuildPhase section */

/* Begin PBXVariantGroup section */
		36245CD21E48594000A6FD80 /* Main.storyboard */ = {
			isa = PBXVariantGroup;
			children = (
				36245CD31E48594000A6FD80 /* Base */,
			);
			name = Main.storyboard;
			sourceTree = "<group>";
		};
		36245CD71E48594000A6FD80 /* LaunchScreen.storyboard */ = {
			isa = PBXVariantGroup;
			children = (
				36245CD81E48594000A6FD80 /* Base */,
			);
			name = LaunchScreen.storyboard;
			sourceTree = "<group>";
		};
/* End PBXVariantGroup section */

/* Begin XCBuildConfiguration section */
		36245CDB1E48594000A6FD80 /* Debug */ = {
			isa = XCBuildConfiguration;
			buildSettings = {
				ALWAYS_SEARCH_USER_PATHS = NO;
				CLANG_ANALYZER_NONNULL = YES;
				CLANG_CXX_LANGUAGE_STANDARD = "gnu++0x";
				CLANG_CXX_LIBRARY = "libc++";
				CLANG_ENABLE_MODULES = YES;
				CLANG_ENABLE_OBJC_ARC = YES;
				CLANG_WARN_BOOL_CONVERSION = YES;
				CLANG_WARN_CONSTANT_CONVERSION = YES;
				CLANG_WARN_DIRECT_OBJC_ISA_USAGE = YES_ERROR;
				CLANG_WARN_DOCUMENTATION_COMMENTS = YES;
				CLANG_WARN_EMPTY_BODY = YES;
				CLANG_WARN_ENUM_CONVERSION = YES;
				CLANG_WARN_INFINITE_RECURSION = YES;
				CLANG_WARN_INT_CONVERSION = YES;
				CLANG_WARN_OBJC_ROOT_CLASS = YES_ERROR;
				CLANG_WARN_SUSPICIOUS_MOVE = YES;
				CLANG_WARN_UNREACHABLE_CODE = YES;
				CLANG_WARN__DUPLICATE_METHOD_MATCH = YES;
				"CODE_SIGN_IDENTITY[sdk=iphoneos*]" = "iPhone Developer";
				COPY_PHASE_STRIP = NO;
				DEBUG_INFORMATION_FORMAT = dwarf;
				ENABLE_STRICT_OBJC_MSGSEND = YES;
				ENABLE_TESTABILITY = YES;
				GCC_C_LANGUAGE_STANDARD = gnu99;
				GCC_DYNAMIC_NO_PIC = NO;
				GCC_NO_COMMON_BLOCKS = YES;
				GCC_OPTIMIZATION_LEVEL = 0;
				GCC_PREPROCESSOR_DEFINITIONS = (
					"DEBUG=1",
					"$(inherited)",
				);
				GCC_WARN_64_TO_32_BIT_CONVERSION = YES;
				GCC_WARN_ABOUT_RETURN_TYPE = YES_ERROR;
				GCC_WARN_UNDECLARED_SELECTOR = YES;
				GCC_WARN_UNINITIALIZED_AUTOS = YES_AGGRESSIVE;
				GCC_WARN_UNUSED_FUNCTION = YES;
				GCC_WARN_UNUSED_VARIABLE = YES;
				IPHONEOS_DEPLOYMENT_TARGET = 10.2;
				MTL_ENABLE_DEBUG_INFO = YES;
				ONLY_ACTIVE_ARCH = YES;
				SDKROOT = iphoneos;
				SWIFT_ACTIVE_COMPILATION_CONDITIONS = DEBUG;
				SWIFT_OPTIMIZATION_LEVEL = "-Onone";
				TARGETED_DEVICE_FAMILY = "1,2";
			};
			name = Debug;
		};
		36245CDC1E48594000A6FD80 /* Release */ = {
			isa = XCBuildConfiguration;
			buildSettings = {
				ALWAYS_SEARCH_USER_PATHS = NO;
				CLANG_ANALYZER_NONNULL = YES;
				CLANG_CXX_LANGUAGE_STANDARD = "gnu++0x";
				CLANG_CXX_LIBRARY = "libc++";
				CLANG_ENABLE_MODULES = YES;
				CLANG_ENABLE_OBJC_ARC = YES;
				CLANG_WARN_BOOL_CONVERSION = YES;
				CLANG_WARN_CONSTANT_CONVERSION = YES;
				CLANG_WARN_DIRECT_OBJC_ISA_USAGE = YES_ERROR;
				CLANG_WARN_DOCUMENTATION_COMMENTS = YES;
				CLANG_WARN_EMPTY_BODY = YES;
				CLANG_WARN_ENUM_CONVERSION = YES;
				CLANG_WARN_INFINITE_RECURSION = YES;
				CLANG_WARN_INT_CONVERSION = YES;
				CLANG_WARN_OBJC_ROOT_CLASS = YES_ERROR;
				CLANG_WARN_SUSPICIOUS_MOVE = YES;
				CLANG_WARN_UNREACHABLE_CODE = YES;
				CLANG_WARN__DUPLICATE_METHOD_MATCH = YES;
				"CODE_SIGN_IDENTITY[sdk=iphoneos*]" = "iPhone Developer";
				COPY_PHASE_STRIP = NO;
				DEBUG_INFORMATION_FORMAT = "dwarf-with-dsym";
				ENABLE_NS_ASSERTIONS = NO;
				ENABLE_STRICT_OBJC_MSGSEND = YES;
				GCC_C_LANGUAGE_STANDARD = gnu99;
				GCC_NO_COMMON_BLOCKS = YES;
				GCC_WARN_64_TO_32_BIT_CONVERSION = YES;
				GCC_WARN_ABOUT_RETURN_TYPE = YES_ERROR;
				GCC_WARN_UNDECLARED_SELECTOR = YES;
				GCC_WARN_UNINITIALIZED_AUTOS = YES_AGGRESSIVE;
				GCC_WARN_UNUSED_FUNCTION = YES;
				GCC_WARN_UNUSED_VARIABLE = YES;
				IPHONEOS_DEPLOYMENT_TARGET = 10.2;
				MTL_ENABLE_DEBUG_INFO = NO;
				SDKROOT = iphoneos;
				SWIFT_OPTIMIZATION_LEVEL = "-Owholemodule";
				TARGETED_DEVICE_FAMILY = "1,2";
				VALIDATE_PRODUCT = YES;
			};
			name = Release;
		};
		36245CDE1E48594000A6FD80 /* Debug */ = {
			isa = XCBuildConfiguration;
			baseConfigurationReference = A30A601D93C557F512500D43 /* Pods-shaberi.debug.xcconfig */;
			buildSettings = {
				ASSETCATALOG_COMPILER_APPICON_NAME = AppIcon;
				INFOPLIST_FILE = shaberi/Info.plist;
				LD_RUNPATH_SEARCH_PATHS = "$(inherited) @executable_path/Frameworks";
				PRODUCT_BUNDLE_IDENTIFIER = com.curama.shaberi;
				PRODUCT_NAME = "$(TARGET_NAME)";
				SWIFT_VERSION = 3.0;
			};
			name = Debug;
		};
		36245CDF1E48594000A6FD80 /* Release */ = {
			isa = XCBuildConfiguration;
			baseConfigurationReference = DCD86F8C084B28D13F4306B7 /* Pods-shaberi.release.xcconfig */;
			buildSettings = {
				ASSETCATALOG_COMPILER_APPICON_NAME = AppIcon;
				INFOPLIST_FILE = shaberi/Info.plist;
				LD_RUNPATH_SEARCH_PATHS = "$(inherited) @executable_path/Frameworks";
				PRODUCT_BUNDLE_IDENTIFIER = com.curama.shaberi;
				PRODUCT_NAME = "$(TARGET_NAME)";
				SWIFT_VERSION = 3.0;
			};
			name = Release;
		};
/* End XCBuildConfiguration section */

/* Begin XCConfigurationList section */
		36245CC61E48594000A6FD80 /* Build configuration list for PBXProject "shaberi" */ = {
			isa = XCConfigurationList;
			buildConfigurations = (
				36245CDB1E48594000A6FD80 /* Debug */,
				36245CDC1E48594000A6FD80 /* Release */,
			);
			defaultConfigurationIsVisible = 0;
			defaultConfigurationName = Release;
		};
		36245CDD1E48594000A6FD80 /* Build configuration list for PBXNativeTarget "shaberi" */ = {
			isa = XCConfigurationList;
			buildConfigurations = (
				36245CDE1E48594000A6FD80 /* Debug */,
				36245CDF1E48594000A6FD80 /* Release */,
			);
			defaultConfigurationIsVisible = 0;
			defaultConfigurationName = Release;
		};
/* End XCConfigurationList section */
	};
	rootObject = 36245CC31E48594000A6FD80 /* Project object */;
}
